// !$*UTF8*$!
{
	archiveVersion = 1;
	classes = {
	};
	objectVersion = 50;
	objects = {

/* Begin PBXBuildFile section */
		DD2909A02469B94700D9F197 /* KILabel.swift in Sources */ = {isa = PBXBuildFile; fileRef = DD29099F2469B94700D9F197 /* KILabel.swift */; };
		DD2909A22469BBE500D9F197 /* NSObject.swift in Sources */ = {isa = PBXBuildFile; fileRef = DD2909A12469BBE500D9F197 /* NSObject.swift */; };
		DD56547E24648CDE00AB5362 /* AppDelegate.swift in Sources */ = {isa = PBXBuildFile; fileRef = DD56547D24648CDE00AB5362 /* AppDelegate.swift */; };
		DD56548224648CDE00AB5362 /* ViewController.swift in Sources */ = {isa = PBXBuildFile; fileRef = DD56548124648CDE00AB5362 /* ViewController.swift */; };
		DD56548724648CE400AB5362 /* Assets.xcassets in Resources */ = {isa = PBXBuildFile; fileRef = DD56548624648CE400AB5362 /* Assets.xcassets */; };
		DD56548A24648CE400AB5362 /* LaunchScreen.storyboard in Resources */ = {isa = PBXBuildFile; fileRef = DD56548824648CE400AB5362 /* LaunchScreen.storyboard */; };
		DD56549F2469AC9900AB5362 /* UIView.swift in Sources */ = {isa = PBXBuildFile; fileRef = DD56549E2469AC9900AB5362 /* UIView.swift */; };
		DD5654A22469B5D800AB5362 /* FlightOfferCell.swift in Sources */ = {isa = PBXBuildFile; fileRef = DD5654A12469B5D600AB5362 /* FlightOfferCell.swift */; };
		DD6007A9246C580E0092E757 /* Double.swift in Sources */ = {isa = PBXBuildFile; fileRef = DD6007A8246C580E0092E757 /* Double.swift */; };
		DDB7723B246AA9F4003CE49D /* FlightsModel.swift in Sources */ = {isa = PBXBuildFile; fileRef = DDB7723A246AA9F4003CE49D /* FlightsModel.swift */; };
		DDB7723D246AACA8003CE49D /* JSONHelpers.swift in Sources */ = {isa = PBXBuildFile; fileRef = DDB7723C246AACA8003CE49D /* JSONHelpers.swift */; };
		DDB77240246ABDAD003CE49D /* APIService.swift in Sources */ = {isa = PBXBuildFile; fileRef = DDB7723F246ABDAD003CE49D /* APIService.swift */; };
		DDB77242246AFB98003CE49D /* Request.swift in Sources */ = {isa = PBXBuildFile; fileRef = DDB77241246AFB98003CE49D /* Request.swift */; };
		DDB77244246AFDC1003CE49D /* FlightsApi.swift in Sources */ = {isa = PBXBuildFile; fileRef = DDB77243246AFDC1003CE49D /* FlightsApi.swift */; };
		DDB77246246BEACE003CE49D /* UIImageView.swift in Sources */ = {isa = PBXBuildFile; fileRef = DDB77245246BEACE003CE49D /* UIImageView.swift */; };
		DDB77248246BEB13003CE49D /* AppContext.swift in Sources */ = {isa = PBXBuildFile; fileRef = DDB77247246BEB13003CE49D /* AppContext.swift */; };
		DDB7724A246BF8B6003CE49D /* Flight.swift in Sources */ = {isa = PBXBuildFile; fileRef = DDB77249246BF8B6003CE49D /* Flight.swift */; };
		DDB7724C246BFB89003CE49D /* Date.swift in Sources */ = {isa = PBXBuildFile; fileRef = DDB7724B246BFB89003CE49D /* Date.swift */; };
		DDB7724E246C0AFA003CE49D /* GradientView.swift in Sources */ = {isa = PBXBuildFile; fileRef = DDB7724D246C0AFA003CE49D /* GradientView.swift */; };
		DDB77250246C0DBB003CE49D /* Color.swift in Sources */ = {isa = PBXBuildFile; fileRef = DDB7724F246C0DBA003CE49D /* Color.swift */; };
		DDB77252246C0DD7003CE49D /* UIColor.swift in Sources */ = {isa = PBXBuildFile; fileRef = DDB77251246C0DD7003CE49D /* UIColor.swift */; };
		DDB77254246C29C8003CE49D /* CoverImageView.swift in Sources */ = {isa = PBXBuildFile; fileRef = DDB77253246C29C8003CE49D /* CoverImageView.swift */; };
/* End PBXBuildFile section */

/* Begin PBXFileReference section */
		DD29099F2469B94700D9F197 /* KILabel.swift */ = {isa = PBXFileReference; lastKnownFileType = sourcecode.swift; path = KILabel.swift; sourceTree = "<group>"; };
		DD2909A12469BBE500D9F197 /* NSObject.swift */ = {isa = PBXFileReference; lastKnownFileType = sourcecode.swift; path = NSObject.swift; sourceTree = "<group>"; };
		DD56547A24648CDE00AB5362 /* Kiwi.com.app */ = {isa = PBXFileReference; explicitFileType = wrapper.application; includeInIndex = 0; path = Kiwi.com.app; sourceTree = BUILT_PRODUCTS_DIR; };
		DD56547D24648CDE00AB5362 /* AppDelegate.swift */ = {isa = PBXFileReference; lastKnownFileType = sourcecode.swift; path = AppDelegate.swift; sourceTree = "<group>"; };
		DD56548124648CDE00AB5362 /* ViewController.swift */ = {isa = PBXFileReference; lastKnownFileType = sourcecode.swift; path = ViewController.swift; sourceTree = "<group>"; };
		DD56548624648CE400AB5362 /* Assets.xcassets */ = {isa = PBXFileReference; lastKnownFileType = folder.assetcatalog; path = Assets.xcassets; sourceTree = "<group>"; };
		DD56548924648CE400AB5362 /* Base */ = {isa = PBXFileReference; lastKnownFileType = file.storyboard; name = Base; path = Base.lproj/LaunchScreen.storyboard; sourceTree = "<group>"; };
		DD56548B24648CE400AB5362 /* Info.plist */ = {isa = PBXFileReference; lastKnownFileType = text.plist.xml; path = Info.plist; sourceTree = "<group>"; };
		DD56549E2469AC9900AB5362 /* UIView.swift */ = {isa = PBXFileReference; lastKnownFileType = sourcecode.swift; path = UIView.swift; sourceTree = "<group>"; };
		DD5654A12469B5D600AB5362 /* FlightOfferCell.swift */ = {isa = PBXFileReference; lastKnownFileType = sourcecode.swift; path = FlightOfferCell.swift; sourceTree = "<group>"; };
		DD6007A8246C580E0092E757 /* Double.swift */ = {isa = PBXFileReference; lastKnownFileType = sourcecode.swift; path = Double.swift; sourceTree = "<group>"; };
		DDB7723A246AA9F4003CE49D /* FlightsModel.swift */ = {isa = PBXFileReference; lastKnownFileType = sourcecode.swift; path = FlightsModel.swift; sourceTree = "<group>"; };
		DDB7723C246AACA8003CE49D /* JSONHelpers.swift */ = {isa = PBXFileReference; lastKnownFileType = sourcecode.swift; path = JSONHelpers.swift; sourceTree = "<group>"; };
		DDB7723F246ABDAD003CE49D /* APIService.swift */ = {isa = PBXFileReference; lastKnownFileType = sourcecode.swift; path = APIService.swift; sourceTree = "<group>"; };
		DDB77241246AFB98003CE49D /* Request.swift */ = {isa = PBXFileReference; lastKnownFileType = sourcecode.swift; path = Request.swift; sourceTree = "<group>"; };
		DDB77243246AFDC1003CE49D /* FlightsApi.swift */ = {isa = PBXFileReference; lastKnownFileType = sourcecode.swift; path = FlightsApi.swift; sourceTree = "<group>"; };
		DDB77245246BEACE003CE49D /* UIImageView.swift */ = {isa = PBXFileReference; lastKnownFileType = sourcecode.swift; path = UIImageView.swift; sourceTree = "<group>"; };
		DDB77247246BEB13003CE49D /* AppContext.swift */ = {isa = PBXFileReference; lastKnownFileType = sourcecode.swift; path = AppContext.swift; sourceTree = "<group>"; };
		DDB77249246BF8B6003CE49D /* Flight.swift */ = {isa = PBXFileReference; lastKnownFileType = sourcecode.swift; path = Flight.swift; sourceTree = "<group>"; };
		DDB7724B246BFB89003CE49D /* Date.swift */ = {isa = PBXFileReference; lastKnownFileType = sourcecode.swift; path = Date.swift; sourceTree = "<group>"; };
		DDB7724D246C0AFA003CE49D /* GradientView.swift */ = {isa = PBXFileReference; lastKnownFileType = sourcecode.swift; path = GradientView.swift; sourceTree = "<group>"; };
		DDB7724F246C0DBA003CE49D /* Color.swift */ = {isa = PBXFileReference; lastKnownFileType = sourcecode.swift; path = Color.swift; sourceTree = "<group>"; };
		DDB77251246C0DD7003CE49D /* UIColor.swift */ = {isa = PBXFileReference; lastKnownFileType = sourcecode.swift; path = UIColor.swift; sourceTree = "<group>"; };
		DDB77253246C29C8003CE49D /* CoverImageView.swift */ = {isa = PBXFileReference; lastKnownFileType = sourcecode.swift; path = CoverImageView.swift; sourceTree = "<group>"; };
/* End PBXFileReference section */

/* Begin PBXFrameworksBuildPhase section */
		DD56547724648CDE00AB5362 /* Frameworks */ = {
			isa = PBXFrameworksBuildPhase;
			buildActionMask = 2147483647;
			files = (
			);
			runOnlyForDeploymentPostprocessing = 0;
		};
/* End PBXFrameworksBuildPhase section */

/* Begin PBXGroup section */
		DD29099E2469B90300D9F197 /* General */ = {
			isa = PBXGroup;
			children = (
				DD29099F2469B94700D9F197 /* KILabel.swift */,
				DDB77241246AFB98003CE49D /* Request.swift */,
				DDB7724D246C0AFA003CE49D /* GradientView.swift */,
				DDB7724F246C0DBA003CE49D /* Color.swift */,
			);
			path = General;
			sourceTree = "<group>";
		};
		DD56547124648CDE00AB5362 = {
			isa = PBXGroup;
			children = (
				DD56547C24648CDE00AB5362 /* Kiwi.com */,
				DD56547B24648CDE00AB5362 /* Products */,
			);
			sourceTree = "<group>";
		};
		DD56547B24648CDE00AB5362 /* Products */ = {
			isa = PBXGroup;
			children = (
				DD56547A24648CDE00AB5362 /* Kiwi.com.app */,
			);
			name = Products;
			sourceTree = "<group>";
		};
		DD56547C24648CDE00AB5362 /* Kiwi.com */ = {
			isa = PBXGroup;
			children = (
				DD56547D24648CDE00AB5362 /* AppDelegate.swift */,
				DDB77247246BEB13003CE49D /* AppContext.swift */,
				DD56548124648CDE00AB5362 /* ViewController.swift */,
				DD5654A02469B5C800AB5362 /* Views */,
				DDB7723E246AAF92003CE49D /* Networking */,
				DDB77239246AA9C9003CE49D /* Models */,
				DD29099E2469B90300D9F197 /* General */,
				DD56549D2469AC8100AB5362 /* Extensions */,
				DD56548624648CE400AB5362 /* Assets.xcassets */,
				DD56548824648CE400AB5362 /* LaunchScreen.storyboard */,
				DD56548B24648CE400AB5362 /* Info.plist */,
			);
			path = Kiwi.com;
			sourceTree = "<group>";
		};
		DD56549D2469AC8100AB5362 /* Extensions */ = {
			isa = PBXGroup;
			children = (
				DD56549E2469AC9900AB5362 /* UIView.swift */,
				DD2909A12469BBE500D9F197 /* NSObject.swift */,
				DDB77245246BEACE003CE49D /* UIImageView.swift */,
				DDB7724B246BFB89003CE49D /* Date.swift */,
				DDB77251246C0DD7003CE49D /* UIColor.swift */,
				DD6007A8246C580E0092E757 /* Double.swift */,
			);
			path = Extensions;
			sourceTree = "<group>";
		};
		DD5654A02469B5C800AB5362 /* Views */ = {
			isa = PBXGroup;
			children = (
				DD5654A32469B66700AB5362 /* Cells */,
				DDB77253246C29C8003CE49D /* CoverImageView.swift */,
			);
			path = Views;
			sourceTree = "<group>";
		};
		DD5654A32469B66700AB5362 /* Cells */ = {
			isa = PBXGroup;
			children = (
				DD5654A12469B5D600AB5362 /* FlightOfferCell.swift */,
			);
			path = Cells;
			sourceTree = "<group>";
		};
		DDB77239246AA9C9003CE49D /* Models */ = {
			isa = PBXGroup;
			children = (
				DDB7723A246AA9F4003CE49D /* FlightsModel.swift */,
				DDB7723C246AACA8003CE49D /* JSONHelpers.swift */,
				DDB77249246BF8B6003CE49D /* Flight.swift */,
			);
			path = Models;
			sourceTree = "<group>";
		};
		DDB7723E246AAF92003CE49D /* Networking */ = {
			isa = PBXGroup;
			children = (
				DDB7723F246ABDAD003CE49D /* APIService.swift */,
				DDB77243246AFDC1003CE49D /* FlightsApi.swift */,
			);
			path = Networking;
			sourceTree = "<group>";
		};
/* End PBXGroup section */

/* Begin PBXNativeTarget section */
		DD56547924648CDE00AB5362 /* Kiwi.com */ = {
			isa = PBXNativeTarget;
			buildConfigurationList = DD56548E24648CE400AB5362 /* Build configuration list for PBXNativeTarget "Kiwi.com" */;
			buildPhases = (
				DD56547624648CDE00AB5362 /* Sources */,
				DD56547724648CDE00AB5362 /* Frameworks */,
				DD56547824648CDE00AB5362 /* Resources */,
			);
			buildRules = (
			);
			dependencies = (
			);
			name = Kiwi.com;
			productName = Kiwi.com;
			productReference = DD56547A24648CDE00AB5362 /* Kiwi.com.app */;
			productType = "com.apple.product-type.application";
		};
/* End PBXNativeTarget section */

/* Begin PBXProject section */
		DD56547224648CDE00AB5362 /* Project object */ = {
			isa = PBXProject;
			attributes = {
				LastSwiftUpdateCheck = 1140;
				LastUpgradeCheck = 1140;
				ORGANIZATIONNAME = "Martin Kurbel";
				TargetAttributes = {
					DD56547924648CDE00AB5362 = {
						CreatedOnToolsVersion = 11.4;
					};
				};
			};
			buildConfigurationList = DD56547524648CDE00AB5362 /* Build configuration list for PBXProject "Kiwi.com" */;
			compatibilityVersion = "Xcode 9.3";
			developmentRegion = en;
			hasScannedForEncodings = 0;
			knownRegions = (
				en,
				Base,
			);
			mainGroup = DD56547124648CDE00AB5362;
			productRefGroup = DD56547B24648CDE00AB5362 /* Products */;
			projectDirPath = "";
			projectRoot = "";
			targets = (
				DD56547924648CDE00AB5362 /* Kiwi.com */,
			);
		};
/* End PBXProject section */

/* Begin PBXResourcesBuildPhase section */
		DD56547824648CDE00AB5362 /* Resources */ = {
			isa = PBXResourcesBuildPhase;
			buildActionMask = 2147483647;
			files = (
				DD56548A24648CE400AB5362 /* LaunchScreen.storyboard in Resources */,
				DD56548724648CE400AB5362 /* Assets.xcassets in Resources */,
			);
			runOnlyForDeploymentPostprocessing = 0;
		};
/* End PBXResourcesBuildPhase section */

/* Begin PBXSourcesBuildPhase section */
		DD56547624648CDE00AB5362 /* Sources */ = {
			isa = PBXSourcesBuildPhase;
			buildActionMask = 2147483647;
			files = (
				DD56548224648CDE00AB5362 /* ViewController.swift in Sources */,
				DDB7724C246BFB89003CE49D /* Date.swift in Sources */,
				DD2909A02469B94700D9F197 /* KILabel.swift in Sources */,
				DDB7723D246AACA8003CE49D /* JSONHelpers.swift in Sources */,
				DDB77250246C0DBB003CE49D /* Color.swift in Sources */,
				DD5654A22469B5D800AB5362 /* FlightOfferCell.swift in Sources */,
				DDB77246246BEACE003CE49D /* UIImageView.swift in Sources */,
				DDB7724E246C0AFA003CE49D /* GradientView.swift in Sources */,
				DD2909A22469BBE500D9F197 /* NSObject.swift in Sources */,
				DDB77244246AFDC1003CE49D /* FlightsApi.swift in Sources */,
				DD56549F2469AC9900AB5362 /* UIView.swift in Sources */,
				DD56547E24648CDE00AB5362 /* AppDelegate.swift in Sources */,
				DDB77248246BEB13003CE49D /* AppContext.swift in Sources */,
				DDB77254246C29C8003CE49D /* CoverImageView.swift in Sources */,
				DDB77252246C0DD7003CE49D /* UIColor.swift in Sources */,
				DDB77242246AFB98003CE49D /* Request.swift in Sources */,
				DDB77240246ABDAD003CE49D /* APIService.swift in Sources */,
				DDB7723B246AA9F4003CE49D /* FlightsModel.swift in Sources */,
				DD6007A9246C580E0092E757 /* Double.swift in Sources */,
				DDB7724A246BF8B6003CE49D /* Flight.swift in Sources */,
			);
			runOnlyForDeploymentPostprocessing = 0;
		};
/* End PBXSourcesBuildPhase section */

/* Begin PBXVariantGroup section */
		DD56548824648CE400AB5362 /* LaunchScreen.storyboard */ = {
			isa = PBXVariantGroup;
			children = (
				DD56548924648CE400AB5362 /* Base */,
			);
			name = LaunchScreen.storyboard;
			sourceTree = "<group>";
		};
/* End PBXVariantGroup section */

/* Begin XCBuildConfiguration section */
		DD56548C24648CE400AB5362 /* Debug */ = {
			isa = XCBuildConfiguration;
			buildSettings = {
				ALWAYS_SEARCH_USER_PATHS = NO;
				CLANG_ANALYZER_NONNULL = YES;
				CLANG_ANALYZER_NUMBER_OBJECT_CONVERSION = YES_AGGRESSIVE;
				CLANG_CXX_LANGUAGE_STANDARD = "gnu++14";
				CLANG_CXX_LIBRARY = "libc++";
				CLANG_ENABLE_MODULES = YES;
				CLANG_ENABLE_OBJC_ARC = YES;
				CLANG_ENABLE_OBJC_WEAK = YES;
				CLANG_WARN_BLOCK_CAPTURE_AUTORELEASING = YES;
				CLANG_WARN_BOOL_CONVERSION = YES;
				CLANG_WARN_COMMA = YES;
				CLANG_WARN_CONSTANT_CONVERSION = YES;
				CLANG_WARN_DEPRECATED_OBJC_IMPLEMENTATIONS = YES;
				CLANG_WARN_DIRECT_OBJC_ISA_USAGE = YES_ERROR;
				CLANG_WARN_DOCUMENTATION_COMMENTS = YES;
				CLANG_WARN_EMPTY_BODY = YES;
				CLANG_WARN_ENUM_CONVERSION = YES;
				CLANG_WARN_INFINITE_RECURSION = YES;
				CLANG_WARN_INT_CONVERSION = YES;
				CLANG_WARN_NON_LITERAL_NULL_CONVERSION = YES;
				CLANG_WARN_OBJC_IMPLICIT_RETAIN_SELF = YES;
				CLANG_WARN_OBJC_LITERAL_CONVERSION = YES;
				CLANG_WARN_OBJC_ROOT_CLASS = YES_ERROR;
				CLANG_WARN_RANGE_LOOP_ANALYSIS = YES;
				CLANG_WARN_STRICT_PROTOTYPES = YES;
				CLANG_WARN_SUSPICIOUS_MOVE = YES;
				CLANG_WARN_UNGUARDED_AVAILABILITY = YES_AGGRESSIVE;
				CLANG_WARN_UNREACHABLE_CODE = YES;
				CLANG_WARN__DUPLICATE_METHOD_MATCH = YES;
				COPY_PHASE_STRIP = NO;
				DEBUG_INFORMATION_FORMAT = dwarf;
				ENABLE_STRICT_OBJC_MSGSEND = YES;
				ENABLE_TESTABILITY = YES;
				GCC_C_LANGUAGE_STANDARD = gnu11;
				GCC_DYNAMIC_NO_PIC = NO;
				GCC_NO_COMMON_BLOCKS = YES;
				GCC_OPTIMIZATION_LEVEL = 0;
				GCC_PREPROCESSOR_DEFINITIONS = (
					"DEBUG=1",
					"$(inherited)",
				);
				GCC_WARN_64_TO_32_BIT_CONVERSION = YES;
				GCC_WARN_ABOUT_RETURN_TYPE = YES_ERROR;
				GCC_WARN_UNDECLARED_SELECTOR = YES;
				GCC_WARN_UNINITIALIZED_AUTOS = YES_AGGRESSIVE;
				GCC_WARN_UNUSED_FUNCTION = YES;
				GCC_WARN_UNUSED_VARIABLE = YES;
				IPHONEOS_DEPLOYMENT_TARGET = 13.4;
				MTL_ENABLE_DEBUG_INFO = INCLUDE_SOURCE;
				MTL_FAST_MATH = YES;
				ONLY_ACTIVE_ARCH = YES;
				SDKROOT = iphoneos;
				SWIFT_ACTIVE_COMPILATION_CONDITIONS = DEBUG;
				SWIFT_OPTIMIZATION_LEVEL = "-Onone";
			};
			name = Debug;
		};
		DD56548D24648CE400AB5362 /* Release */ = {
			isa = XCBuildConfiguration;
			buildSettings = {
				ALWAYS_SEARCH_USER_PATHS = NO;
				CLANG_ANALYZER_NONNULL = YES;
				CLANG_ANALYZER_NUMBER_OBJECT_CONVERSION = YES_AGGRESSIVE;
				CLANG_CXX_LANGUAGE_STANDARD = "gnu++14";
				CLANG_CXX_LIBRARY = "libc++";
				CLANG_ENABLE_MODULES = YES;
				CLANG_ENABLE_OBJC_ARC = YES;
				CLANG_ENABLE_OBJC_WEAK = YES;
				CLANG_WARN_BLOCK_CAPTURE_AUTORELEASING = YES;
				CLANG_WARN_BOOL_CONVERSION = YES;
				CLANG_WARN_COMMA = YES;
				CLANG_WARN_CONSTANT_CONVERSION = YES;
				CLANG_WARN_DEPRECATED_OBJC_IMPLEMENTATIONS = YES;
				CLANG_WARN_DIRECT_OBJC_ISA_USAGE = YES_ERROR;
				CLANG_WARN_DOCUMENTATION_COMMENTS = YES;
				CLANG_WARN_EMPTY_BODY = YES;
				CLANG_WARN_ENUM_CONVERSION = YES;
				CLANG_WARN_INFINITE_RECURSION = YES;
				CLANG_WARN_INT_CONVERSION = YES;
				CLANG_WARN_NON_LITERAL_NULL_CONVERSION = YES;
				CLANG_WARN_OBJC_IMPLICIT_RETAIN_SELF = YES;
				CLANG_WARN_OBJC_LITERAL_CONVERSION = YES;
				CLANG_WARN_OBJC_ROOT_CLASS = YES_ERROR;
				CLANG_WARN_RANGE_LOOP_ANALYSIS = YES;
				CLANG_WARN_STRICT_PROTOTYPES = YES;
				CLANG_WARN_SUSPICIOUS_MOVE = YES;
				CLANG_WARN_UNGUARDED_AVAILABILITY = YES_AGGRESSIVE;
				CLANG_WARN_UNREACHABLE_CODE = YES;
				CLANG_WARN__DUPLICATE_METHOD_MATCH = YES;
				COPY_PHASE_STRIP = NO;
				DEBUG_INFORMATION_FORMAT = "dwarf-with-dsym";
				ENABLE_NS_ASSERTIONS = NO;
				ENABLE_STRICT_OBJC_MSGSEND = YES;
				GCC_C_LANGUAGE_STANDARD = gnu11;
				GCC_NO_COMMON_BLOCKS = YES;
				GCC_WARN_64_TO_32_BIT_CONVERSION = YES;
				GCC_WARN_ABOUT_RETURN_TYPE = YES_ERROR;
				GCC_WARN_UNDECLARED_SELECTOR = YES;
				GCC_WARN_UNINITIALIZED_AUTOS = YES_AGGRESSIVE;
				GCC_WARN_UNUSED_FUNCTION = YES;
				GCC_WARN_UNUSED_VARIABLE = YES;
				IPHONEOS_DEPLOYMENT_TARGET = 13.4;
				MTL_ENABLE_DEBUG_INFO = NO;
				MTL_FAST_MATH = YES;
				SDKROOT = iphoneos;
				SWIFT_COMPILATION_MODE = wholemodule;
				SWIFT_OPTIMIZATION_LEVEL = "-O";
				VALIDATE_PRODUCT = YES;
			};
			name = Release;
		};
		DD56548F24648CE400AB5362 /* Debug */ = {
			isa = XCBuildConfiguration;
			buildSettings = {
				ASSETCATALOG_COMPILER_APPICON_NAME = AppIcon;
				CODE_SIGN_STYLE = Automatic;
				DEVELOPMENT_TEAM = 7P7649QMN9;
				INFOPLIST_FILE = Kiwi.com/Info.plist;
				IPHONEOS_DEPLOYMENT_TARGET = 11.0;
				LD_RUNPATH_SEARCH_PATHS = (
					"$(inherited)",
					"@executable_path/Frameworks",
				);
				MARKETING_VERSION = 1.0.0;
				PRODUCT_BUNDLE_IDENTIFIER = "com.kiwi.Kiwi-com";
				PRODUCT_NAME = "$(TARGET_NAME)";
				SWIFT_VERSION = 5.0;
				TARGETED_DEVICE_FAMILY = 1;
			};
			name = Debug;
		};
		DD56549024648CE400AB5362 /* Release */ = {
			isa = XCBuildConfiguration;
			buildSettings = {
				ASSETCATALOG_COMPILER_APPICON_NAME = AppIcon;
				CODE_SIGN_STYLE = Automatic;
				DEVELOPMENT_TEAM = 7P7649QMN9;
				INFOPLIST_FILE = Kiwi.com/Info.plist;
				IPHONEOS_DEPLOYMENT_TARGET = 11.0;
				LD_RUNPATH_SEARCH_PATHS = (
					"$(inherited)",
					"@executable_path/Frameworks",
				);
				MARKETING_VERSION = 1.0.0;
				PRODUCT_BUNDLE_IDENTIFIER = "com.kiwi.Kiwi-com";
				PRODUCT_NAME = "$(TARGET_NAME)";
				SWIFT_VERSION = 5.0;
				TARGETED_DEVICE_FAMILY = 1;
			};
			name = Release;
		};
/* End XCBuildConfiguration section */

/* Begin XCConfigurationList section */
		DD56547524648CDE00AB5362 /* Build configuration list for PBXProject "Kiwi.com" */ = {
			isa = XCConfigurationList;
			buildConfigurations = (
				DD56548C24648CE400AB5362 /* Debug */,
				DD56548D24648CE400AB5362 /* Release */,
			);
			defaultConfigurationIsVisible = 0;
			defaultConfigurationName = Release;
		};
		DD56548E24648CE400AB5362 /* Build configuration list for PBXNativeTarget "Kiwi.com" */ = {
			isa = XCConfigurationList;
			buildConfigurations = (
				DD56548F24648CE400AB5362 /* Debug */,
				DD56549024648CE400AB5362 /* Release */,
			);
			defaultConfigurationIsVisible = 0;
			defaultConfigurationName = Release;
		};
/* End XCConfigurationList section */
	};
	rootObject = DD56547224648CDE00AB5362 /* Project object */;
}
